
Microsoft Visual Studio Solution File, Format Version 12.00
# Visual Studio 15
VisualStudioVersion = 15.0.27130.2027
MinimumVisualStudioVersion = 10.0.40219.1
Project("{FAE04EC0-301F-11D3-BF4B-00C04F79EFBC}") = "ProjectManagementAPI", "ExamProjectSYS\ProjectManagementAPI.csproj", "{5EFD4B33-C757-47B6-AF6C-D5FBC2A4B8E7}"
EndProject
Project("{E53339B2-1760-4266-BCC7-CA923CBCF16C}") = "docker-compose", "docker-compose.dcproj", "{3CF582FE-3E75-434E-8F0E-A4077E44EA74}"
EndProject
Project("{FAE04EC0-301F-11D3-BF4B-00C04F79EFBC}") = "ProjectAPI", "ProjectAPI\ProjectAPI.csproj", "{F946FF80-C527-426A-BF51-E38A1372BFC5}"
EndProject
Project("{FAE04EC0-301F-11D3-BF4B-00C04F79EFBC}") = "EmployeeAPI", "EmployeeAPI\EmployeeAPI.csproj", "{525BB40F-19A5-4603-AEF1-455B9F65857C}"
EndProject
Project("{FAE04EC0-301F-11D3-BF4B-00C04F79EFBC}") = "DepartmentAPI", "DepartmentAPI\DepartmentAPI.csproj", "{1DFCC5BE-6A36-4CFE-99FC-760C61B07FF6}"
EndProject
Global
	GlobalSection(SolutionConfigurationPlatforms) = preSolution
		Debug|Any CPU = Debug|Any CPU
		Release|Any CPU = Release|Any CPU
	EndGlobalSection
	GlobalSection(ProjectConfigurationPlatforms) = postSolution
		{5EFD4B33-C757-47B6-AF6C-D5FBC2A4B8E7}.Debug|Any CPU.ActiveCfg = Debug|Any CPU
		{5EFD4B33-C757-47B6-AF6C-D5FBC2A4B8E7}.Debug|Any CPU.Build.0 = Debug|Any CPU
		{5EFD4B33-C757-47B6-AF6C-D5FBC2A4B8E7}.Release|Any CPU.ActiveCfg = Release|Any CPU
		{5EFD4B33-C757-47B6-AF6C-D5FBC2A4B8E7}.Release|Any CPU.Build.0 = Release|Any CPU
		{3CF582FE-3E75-434E-8F0E-A4077E44EA74}.Debug|Any CPU.ActiveCfg = Debug|Any CPU
		{3CF582FE-3E75-434E-8F0E-A4077E44EA74}.Debug|Any CPU.Build.0 = Debug|Any CPU
		{3CF582FE-3E75-434E-8F0E-A4077E44EA74}.Release|Any CPU.ActiveCfg = Release|Any CPU
		{3CF582FE-3E75-434E-8F0E-A4077E44EA74}.Release|Any CPU.Build.0 = Release|Any CPU
		{F946FF80-C527-426A-BF51-E38A1372BFC5}.Debug|Any CPU.ActiveCfg = Debug|Any CPU
		{F946FF80-C527-426A-BF51-E38A1372BFC5}.Debug|Any CPU.Build.0 = Debug|Any CPU
		{F946FF80-C527-426A-BF51-E38A1372BFC5}.Release|Any CPU.ActiveCfg = Release|Any CPU
		{F946FF80-C527-426A-BF51-E38A1372BFC5}.Release|Any CPU.Build.0 = Release|Any CPU
		{525BB40F-19A5-4603-AEF1-455B9F65857C}.Debug|Any CPU.ActiveCfg = Debug|Any CPU
		{525BB40F-19A5-4603-AEF1-455B9F65857C}.Debug|Any CPU.Build.0 = Debug|Any CPU
		{525BB40F-19A5-4603-AEF1-455B9F65857C}.Release|Any CPU.ActiveCfg = Release|Any CPU
		{525BB40F-19A5-4603-AEF1-455B9F65857C}.Release|Any CPU.Build.0 = Release|Any CPU
		{1DFCC5BE-6A36-4CFE-99FC-760C61B07FF6}.Debug|Any CPU.ActiveCfg = Debug|Any CPU
		{1DFCC5BE-6A36-4CFE-99FC-760C61B07FF6}.Debug|Any CPU.Build.0 = Debug|Any CPU
		{1DFCC5BE-6A36-4CFE-99FC-760C61B07FF6}.Release|Any CPU.ActiveCfg = Release|Any CPU
		{1DFCC5BE-6A36-4CFE-99FC-760C61B07FF6}.Release|Any CPU.Build.0 = Release|Any CPU
	EndGlobalSection
	GlobalSection(SolutionProperties) = preSolution
		HideSolutionNode = FALSE
	EndGlobalSection
	GlobalSection(ExtensibilityGlobals) = postSolution
		SolutionGuid = {2EF47004-0E69-4DE1-9851-ED378E2DE8A1}
	EndGlobalSection
EndGlobal
